
Microsoft Visual Studio Solution File, Format Version 12.00
# Visual Studio Version 17
VisualStudioVersion = 17.14.36518.9 d17.14
MinimumVisualStudioVersion = 10.0.40219.1
Project("{FAE04EC0-301F-11D3-BF4B-00C04F79EFBC}") = "BookManagerAPI", "BookManagerAPI.csproj", "{97B00B27-239C-4A34-A314-D431F5918AD4}"
EndProject
Global
	GlobalSection(SolutionConfigurationPlatforms) = preSolution
		Debug|Any CPU = Debug|Any CPU
		Release|Any CPU = Release|Any CPU
	EndGlobalSection
	GlobalSection(ProjectConfigurationPlatforms) = postSolution
		{97B00B27-239C-4A34-A314-D431F5918AD4}.Debug|Any CPU.ActiveCfg = Debug|Any CPU
		{97B00B27-239C-4A34-A314-D431F5918AD4}.Debug|Any CPU.Build.0 = Debug|Any CPU
		{97B00B27-239C-4A34-A314-D431F5918AD4}.Release|Any CPU.ActiveCfg = Release|Any CPU
		{97B00B27-239C-4A34-A314-D431F5918AD4}.Release|Any CPU.Build.0 = Release|Any CPU
	EndGlobalSection
	GlobalSection(SolutionProperties) = preSolution
		HideSolutionNode = FALSE
	EndGlobalSection
	GlobalSection(ExtensibilityGlobals) = postSolution
		SolutionGuid = {158397C0-A033-48CA-8399-553659AEB011}
	EndGlobalSection
EndGlobal
